
Microsoft Visual Studio Solution File, Format Version 12.00
# Visual Studio Version 16
VisualStudioVersion = 16.0.30413.136
MinimumVisualStudioVersion = 10.0.40219.1
Project("{FAE04EC0-301F-11D3-BF4B-00C04F79EFBC}") = "Oma projekti 1", "Oma projekti 1.csproj", "{2B71F43E-9F43-4BA4-98FF-85FF80C7F779}"
EndProject
Global
	GlobalSection(SolutionConfigurationPlatforms) = preSolution
		Debug|Any CPU = Debug|Any CPU
		Release|Any CPU = Release|Any CPU
	EndGlobalSection
	GlobalSection(ProjectConfigurationPlatforms) = postSolution
		{2B71F43E-9F43-4BA4-98FF-85FF80C7F779}.Debug|Any CPU.ActiveCfg = Debug|Any CPU
		{2B71F43E-9F43-4BA4-98FF-85FF80C7F779}.Debug|Any CPU.Build.0 = Debug|Any CPU
		{2B71F43E-9F43-4BA4-98FF-85FF80C7F779}.Release|Any CPU.ActiveCfg = Release|Any CPU
		{2B71F43E-9F43-4BA4-98FF-85FF80C7F779}.Release|Any CPU.Build.0 = Release|Any CPU
	EndGlobalSection
	GlobalSection(SolutionProperties) = preSolution
		HideSolutionNode = FALSE
	EndGlobalSection
	GlobalSection(ExtensibilityGlobals) = postSolution
		SolutionGuid = {D097C694-7A25-4E1F-8DA0-BF957AB841D5}
	EndGlobalSection
EndGlobal
